
Microsoft Visual Studio Solution File, Format Version 12.00
# Visual Studio 15
Project("{FAE04EC0-301F-11D3-BF4B-00C04F79EFBC}") = "Practice", "HW_06\Practice.csproj", "{F5DE67B3-8E93-4EC3-97E3-314A76B976BE}"
EndProject
Project("{FAE04EC0-301F-11D3-BF4B-00C04F79EFBC}") = "Homework_task", "Homework_task\Homework_task.csproj", "{8502EC65-84B6-468D-BEE4-561E71B6F47D}"
EndProject
Global
	GlobalSection(SolutionConfigurationPlatforms) = preSolution
		Debug|Any CPU = Debug|Any CPU
		Release|Any CPU = Release|Any CPU
	EndGlobalSection
	GlobalSection(ProjectConfigurationPlatforms) = postSolution
		{F5DE67B3-8E93-4EC3-97E3-314A76B976BE}.Debug|Any CPU.ActiveCfg = Debug|Any CPU
		{F5DE67B3-8E93-4EC3-97E3-314A76B976BE}.Debug|Any CPU.Build.0 = Debug|Any CPU
		{F5DE67B3-8E93-4EC3-97E3-314A76B976BE}.Release|Any CPU.ActiveCfg = Release|Any CPU
		{F5DE67B3-8E93-4EC3-97E3-314A76B976BE}.Release|Any CPU.Build.0 = Release|Any CPU
		{8502EC65-84B6-468D-BEE4-561E71B6F47D}.Debug|Any CPU.ActiveCfg = Debug|Any CPU
		{8502EC65-84B6-468D-BEE4-561E71B6F47D}.Debug|Any CPU.Build.0 = Debug|Any CPU
		{8502EC65-84B6-468D-BEE4-561E71B6F47D}.Release|Any CPU.ActiveCfg = Release|Any CPU
		{8502EC65-84B6-468D-BEE4-561E71B6F47D}.Release|Any CPU.Build.0 = Release|Any CPU
	EndGlobalSection
EndGlobal
