
Microsoft Visual Studio Solution File, Format Version 12.00
# Visual Studio 15
Project("{FAE04EC0-301F-11D3-BF4B-00C04F79EFBC}") = "HW_07", "HW_07\HW_07.csproj", "{763E5B92-EA79-42AC-81F5-88CDBF018FAD}"
EndProject
Global
	GlobalSection(SolutionConfigurationPlatforms) = preSolution
		Debug|Any CPU = Debug|Any CPU
		Release|Any CPU = Release|Any CPU
	EndGlobalSection
	GlobalSection(ProjectConfigurationPlatforms) = postSolution
		{763E5B92-EA79-42AC-81F5-88CDBF018FAD}.Debug|Any CPU.ActiveCfg = Debug|Any CPU
		{763E5B92-EA79-42AC-81F5-88CDBF018FAD}.Debug|Any CPU.Build.0 = Debug|Any CPU
		{763E5B92-EA79-42AC-81F5-88CDBF018FAD}.Release|Any CPU.ActiveCfg = Release|Any CPU
		{763E5B92-EA79-42AC-81F5-88CDBF018FAD}.Release|Any CPU.Build.0 = Release|Any CPU
	EndGlobalSection
EndGlobal
