
Microsoft Visual Studio Solution File, Format Version 12.00
# Visual Studio 15
Project("{FAE04EC0-301F-11D3-BF4B-00C04F79EFBC}") = "Constructors", "EX_07\Constructors.csproj", "{FB764A1A-29E5-48EF-9AF8-D9881E7B8777}"
EndProject
Project("{FAE04EC0-301F-11D3-BF4B-00C04F79EFBC}") = "Exeptions", "Exeptions\Exeptions.csproj", "{151989F8-F334-43C8-A8FA-EF6A4869F1A2}"
EndProject
Project("{FAE04EC0-301F-11D3-BF4B-00C04F79EFBC}") = "Tickets", "Tickets\Tickets.csproj", "{B1A3628D-2D62-47FC-93CB-103AA21F5E31}"
EndProject
Global
	GlobalSection(SolutionConfigurationPlatforms) = preSolution
		Debug|Any CPU = Debug|Any CPU
		Release|Any CPU = Release|Any CPU
	EndGlobalSection
	GlobalSection(ProjectConfigurationPlatforms) = postSolution
		{FB764A1A-29E5-48EF-9AF8-D9881E7B8777}.Debug|Any CPU.ActiveCfg = Debug|Any CPU
		{FB764A1A-29E5-48EF-9AF8-D9881E7B8777}.Debug|Any CPU.Build.0 = Debug|Any CPU
		{FB764A1A-29E5-48EF-9AF8-D9881E7B8777}.Release|Any CPU.ActiveCfg = Release|Any CPU
		{FB764A1A-29E5-48EF-9AF8-D9881E7B8777}.Release|Any CPU.Build.0 = Release|Any CPU
		{151989F8-F334-43C8-A8FA-EF6A4869F1A2}.Debug|Any CPU.ActiveCfg = Debug|Any CPU
		{151989F8-F334-43C8-A8FA-EF6A4869F1A2}.Debug|Any CPU.Build.0 = Debug|Any CPU
		{151989F8-F334-43C8-A8FA-EF6A4869F1A2}.Release|Any CPU.ActiveCfg = Release|Any CPU
		{151989F8-F334-43C8-A8FA-EF6A4869F1A2}.Release|Any CPU.Build.0 = Release|Any CPU
		{B1A3628D-2D62-47FC-93CB-103AA21F5E31}.Debug|Any CPU.ActiveCfg = Debug|Any CPU
		{B1A3628D-2D62-47FC-93CB-103AA21F5E31}.Debug|Any CPU.Build.0 = Debug|Any CPU
		{B1A3628D-2D62-47FC-93CB-103AA21F5E31}.Release|Any CPU.ActiveCfg = Release|Any CPU
		{B1A3628D-2D62-47FC-93CB-103AA21F5E31}.Release|Any CPU.Build.0 = Release|Any CPU
	EndGlobalSection
EndGlobal
